{
  "name": "website",
  "version": "0.1.0",
  "lockfileVersion": 1,
  "requires": true,
  "dependencies": {
    "@ant-design/colors": {
      "version": "7.0.2",
      "resolved": "https://registry.npmjs.org/@ant-design/colors/-/colors-7.0.2.tgz",
      "integrity": "sha512-7KJkhTiPiLHSu+LmMJnehfJ6242OCxSlR3xHVBecYxnMW8MS/878NXct1GqYARyL59fyeFdKRxXTfvR9SnDgJg==",
      "requires": {
        "@ctrl/tinycolor": "^3.6.1"
      }
    },
    "@ant-design/icons": {
      "version": "5.3.7",
      "resolved": "https://registry.npmjs.org/@ant-design/icons/-/icons-5.3.7.tgz",
      "integrity": "sha512-bCPXTAg66f5bdccM4TT21SQBDO1Ek2gho9h3nO9DAKXJP4sq+5VBjrQMSxMVXSB3HyEz+cUbHQ5+6ogxCOpaew==",
      "requires": {
        "@ant-design/colors": "^7.0.0",
        "@ant-design/icons-svg": "^4.4.0",
        "@babel/runtime": "^7.11.2",
        "classnames": "^2.2.6",
        "rc-util": "^5.31.1"
      }
    },
    "@ant-design/icons-svg": {
      "version": "4.4.2",
      "resolved": "https://registry.npmjs.org/@ant-design/icons-svg/-/icons-svg-4.4.2.tgz",
      "integrity": "sha512-vHbT+zJEVzllwP+CM+ul7reTEfBR0vgxFe7+lREAsAA7YGsYpboiq2sQNeQeRvh09GfQgs/GyFEvZpJ9cLXpXA=="
    },
    "@babel/runtime": {
      "version": "7.24.5",
      "resolved": "https://registry.npmjs.org/@babel/runtime/-/runtime-7.24.5.tgz",
      "integrity": "sha512-Nms86NXrsaeU9vbBJKni6gXiEXZ4CVpYVzEjDH9Sb8vmZ3UljyA1GSOJl/6LGPO8EHLuSF9H+IxNXHPX8QHJ4g==",
      "requires": {
        "regenerator-runtime": "^0.14.0"
      }
    },
    "@ctrl/tinycolor": {
      "version": "3.6.1",
      "resolved": "https://registry.npmjs.org/@ctrl/tinycolor/-/tinycolor-3.6.1.tgz",
      "integrity": "sha512-SITSV6aIXsuVNV3f3O0f2n/cgyEDWoSqtZMYiAmcsYHydcKrOz3gUxB/iXd/Qf08+IZX4KpgNbvUdMBmWz+kcA=="
    },
    "classnames": {
      "version": "2.5.1",
      "resolved": "https://registry.npmjs.org/classnames/-/classnames-2.5.1.tgz",
      "integrity": "sha512-saHYOzhIQs6wy2sVxTM6bUDsQO4F50V9RQ22qBpEdCW+I+/Wmke2HOl6lS6dTpdxVhb88/I6+Hs+438c3lfUow=="
    },
    "rc-util": {
      "version": "5.40.1",
      "resolved": "https://registry.npmjs.org/rc-util/-/rc-util-5.40.1.tgz",
      "integrity": "sha512-wsYjO59DpyyZdMe1yCSqHiHU8sWjkP1wIfj2mR0aHaNmFFgw727kkOFY7FBukg4rXhIw131549SLxQXQoIB73A==",
      "requires": {
        "@babel/runtime": "^7.18.3",
        "react-is": "^18.2.0"
      }
    },
    "react-is": {
      "version": "18.3.1",
      "resolved": "https://registry.npmjs.org/react-is/-/react-is-18.3.1.tgz",
      "integrity": "sha512-/LLMVyas0ljjAtoYiPqYiL8VWXzUUdThrmU5+n20DZv+a+ClRoevUzw5JxU+Ieh5/c87ytoTBV9G1FiKfNJdmg=="
    },
    "regenerator-runtime": {
      "version": "0.14.1",
      "resolved": "https://registry.npmjs.org/regenerator-runtime/-/regenerator-runtime-0.14.1.tgz",
      "integrity": "sha512-dYnhHh0nJoMfnkZs6GmmhFknAGRrLznOu5nc9ML+EJxGvrx6H7teuevqVqCuPcPK//3eDrrjQhehXVx9cnkGdw=="
    }
  }
}
